
Microsoft Visual Studio Solution File, Format Version 12.00
# Visual Studio Version 16
VisualStudioVersion = 16.0.31729.503
MinimumVisualStudioVersion = 10.0.40219.1
Project("{FAE04EC0-301F-11D3-BF4B-00C04F79EFBC}") = "085-LineComarision", "085-LineComarision\085-LineComarision.csproj", "{6467119C-419A-4870-8585-5B2C615ADBCA}"
EndProject
Global
	GlobalSection(SolutionConfigurationPlatforms) = preSolution
		Debug|Any CPU = Debug|Any CPU
		Release|Any CPU = Release|Any CPU
	EndGlobalSection
	GlobalSection(ProjectConfigurationPlatforms) = postSolution
		{6467119C-419A-4870-8585-5B2C615ADBCA}.Debug|Any CPU.ActiveCfg = Debug|Any CPU
		{6467119C-419A-4870-8585-5B2C615ADBCA}.Debug|Any CPU.Build.0 = Debug|Any CPU
		{6467119C-419A-4870-8585-5B2C615ADBCA}.Release|Any CPU.ActiveCfg = Release|Any CPU
		{6467119C-419A-4870-8585-5B2C615ADBCA}.Release|Any CPU.Build.0 = Release|Any CPU
	EndGlobalSection
	GlobalSection(SolutionProperties) = preSolution
		HideSolutionNode = FALSE
	EndGlobalSection
	GlobalSection(ExtensibilityGlobals) = postSolution
		SolutionGuid = {2DEC492C-A0A0-4B46-A746-717B3B30FA46}
	EndGlobalSection
EndGlobal
